
Microsoft Visual Studio Solution File, Format Version 12.00
# Visual Studio Version 16
VisualStudioVersion = 16.0.31424.327
MinimumVisualStudioVersion = 10.0.40219.1
Project("{9A19103F-16F7-4668-BE54-9A1E7A4F7556}") = "Token.TokenBasico", "Token.TokenBasico\Token.TokenBasico.csproj", "{65F2D08D-B8EE-4570-9D26-26E10902A7F2}"
EndProject
Project("{FAE04EC0-301F-11D3-BF4B-00C04F79EFBC}") = "Token.TokenLocalAuth", "Token.TokenLocalAuth\Token.TokenLocalAuth.csproj", "{B98AD9A7-2109-4C2F-8D8C-BEE8ACF8C12C}"
EndProject
Global
	GlobalSection(SolutionConfigurationPlatforms) = preSolution
		Debug|Any CPU = Debug|Any CPU
		Release|Any CPU = Release|Any CPU
	EndGlobalSection
	GlobalSection(ProjectConfigurationPlatforms) = postSolution
		{65F2D08D-B8EE-4570-9D26-26E10902A7F2}.Debug|Any CPU.ActiveCfg = Debug|Any CPU
		{65F2D08D-B8EE-4570-9D26-26E10902A7F2}.Debug|Any CPU.Build.0 = Debug|Any CPU
		{65F2D08D-B8EE-4570-9D26-26E10902A7F2}.Release|Any CPU.ActiveCfg = Release|Any CPU
		{65F2D08D-B8EE-4570-9D26-26E10902A7F2}.Release|Any CPU.Build.0 = Release|Any CPU
		{B98AD9A7-2109-4C2F-8D8C-BEE8ACF8C12C}.Debug|Any CPU.ActiveCfg = Debug|Any CPU
		{B98AD9A7-2109-4C2F-8D8C-BEE8ACF8C12C}.Debug|Any CPU.Build.0 = Debug|Any CPU
		{B98AD9A7-2109-4C2F-8D8C-BEE8ACF8C12C}.Release|Any CPU.ActiveCfg = Release|Any CPU
		{B98AD9A7-2109-4C2F-8D8C-BEE8ACF8C12C}.Release|Any CPU.Build.0 = Release|Any CPU
	EndGlobalSection
	GlobalSection(SolutionProperties) = preSolution
		HideSolutionNode = FALSE
	EndGlobalSection
	GlobalSection(ExtensibilityGlobals) = postSolution
		SolutionGuid = {EB761D9E-7BA8-4593-A4F8-600E3528027B}
	EndGlobalSection
EndGlobal
